
Microsoft Visual Studio Solution File, Format Version 12.00
# Visual Studio 14
VisualStudioVersion = 14.0.22231.1
MinimumVisualStudioVersion = 10.0.40219.1
Project("{FAE04EC0-301F-11D3-BF4B-00C04F79EFBC}") = "CancellationAnalyzer", "CancellationAnalyzer\CancellationAnalyzer\CancellationAnalyzer.csproj", "{DA1E7D9E-D87E-4A8C-8AA6-E73365C1B3F2}"
EndProject
Project("{2150E333-8FDC-42A3-9474-1A3956D46DE8}") = ".nuget", ".nuget", "{18A4ED9D-62ED-43BA-92F8-4FEE38CA3559}"
	ProjectSection(SolutionItems) = preProject
		.nuget\packages.config = .nuget\packages.config
	EndProjectSection
EndProject
Project("{FAE04EC0-301F-11D3-BF4B-00C04F79EFBC}") = "CancellationAnalyzer.Test", "CancellationAnalyzer\CancellationAnalyzer.Test\CancellationAnalyzer.Test.csproj", "{D358CB5C-88DE-4DF1-A9D7-F2D13D5AF390}"
EndProject
Project("{FAE04EC0-301F-11D3-BF4B-00C04F79EFBC}") = "CancellationAnalyzer.Vsix", "CancellationAnalyzer\CancellationAnalyzer.Vsix\CancellationAnalyzer.Vsix.csproj", "{304E8A5E-1325-4482-9654-5A2155474AC6}"
EndProject
Global
	GlobalSection(SolutionConfigurationPlatforms) = preSolution
		Debug|Any CPU = Debug|Any CPU
		Release|Any CPU = Release|Any CPU
	EndGlobalSection
	GlobalSection(ProjectConfigurationPlatforms) = postSolution
		{DA1E7D9E-D87E-4A8C-8AA6-E73365C1B3F2}.Debug|Any CPU.ActiveCfg = Debug|Any CPU
		{DA1E7D9E-D87E-4A8C-8AA6-E73365C1B3F2}.Debug|Any CPU.Build.0 = Debug|Any CPU
		{DA1E7D9E-D87E-4A8C-8AA6-E73365C1B3F2}.Release|Any CPU.ActiveCfg = Release|Any CPU
		{DA1E7D9E-D87E-4A8C-8AA6-E73365C1B3F2}.Release|Any CPU.Build.0 = Release|Any CPU
		{D358CB5C-88DE-4DF1-A9D7-F2D13D5AF390}.Debug|Any CPU.ActiveCfg = Debug|Any CPU
		{D358CB5C-88DE-4DF1-A9D7-F2D13D5AF390}.Debug|Any CPU.Build.0 = Debug|Any CPU
		{D358CB5C-88DE-4DF1-A9D7-F2D13D5AF390}.Release|Any CPU.ActiveCfg = Release|Any CPU
		{D358CB5C-88DE-4DF1-A9D7-F2D13D5AF390}.Release|Any CPU.Build.0 = Release|Any CPU
		{304E8A5E-1325-4482-9654-5A2155474AC6}.Debug|Any CPU.ActiveCfg = Debug|Any CPU
		{304E8A5E-1325-4482-9654-5A2155474AC6}.Debug|Any CPU.Build.0 = Debug|Any CPU
		{304E8A5E-1325-4482-9654-5A2155474AC6}.Release|Any CPU.ActiveCfg = Release|Any CPU
		{304E8A5E-1325-4482-9654-5A2155474AC6}.Release|Any CPU.Build.0 = Release|Any CPU
	EndGlobalSection
	GlobalSection(SolutionProperties) = preSolution
		HideSolutionNode = FALSE
	EndGlobalSection
EndGlobal
